Microsoft Visual Studio Solution File, Format Version 12.00
# Visual Studio Version 17
VisualStudioVersion = 17.8.34525.116
MinimumVisualStudioVersion = 10.0.40219.1
Project("{9A19103F-16F7-4668-BE54-9A1E7A4F7556}") = "PatternTests", "PatternTests\PatternTests.csproj", "{C0E1201B-9587-4C53-8027-274F1FE1FB88}"
EndProject
Project("{9A19103F-16F7-4668-BE54-9A1E7A4F7556}") = "Patterns", "Patterns\Patterns.csproj", "{FC28A753-3B51-4137-B55A-69F83D58D2D8}"
EndProject
Global
	GlobalSection(SolutionConfigurationPlatforms) = preSolution
		Debug|Any CPU = Debug|Any CPU
		Release|Any CPU = Release|Any CPU
	EndGlobalSection
	GlobalSection(ProjectConfigurationPlatforms) = postSolution
		{C0E1201B-9587-4C53-8027-274F1FE1FB88}.Debug|Any CPU.ActiveCfg = Debug|Any CPU
		{C0E1201B-9587-4C53-8027-274F1FE1FB88}.Debug|Any CPU.Build.0 = Debug|Any CPU
		{C0E1201B-9587-4C53-8027-274F1FE1FB88}.Release|Any CPU.ActiveCfg = Release|Any CPU
		{C0E1201B-9587-4C53-8027-274F1FE1FB88}.Release|Any CPU.Build.0 = Release|Any CPU
		{FC28A753-3B51-4137-B55A-69F83D58D2D8}.Debug|Any CPU.ActiveCfg = Debug|Any CPU
		{FC28A753-3B51-4137-B55A-69F83D58D2D8}.Debug|Any CPU.Build.0 = Debug|Any CPU
		{FC28A753-3B51-4137-B55A-69F83D58D2D8}.Release|Any CPU.ActiveCfg = Release|Any CPU
		{FC28A753-3B51-4137-B55A-69F83D58D2D8}.Release|Any CPU.Build.0 = Release|Any CPU
	EndGlobalSection
	GlobalSection(SolutionProperties) = preSolution
		HideSolutionNode = FALSE
	EndGlobalSection
	GlobalSection(ExtensibilityGlobals) = postSolution
		SolutionGuid = {B736B243-C05C-4816-90CD-BE215F5B88B8}
	EndGlobalSection
EndGlobal
