
Microsoft Visual Studio Solution File, Format Version 12.00
# Visual Studio Version 16
VisualStudioVersion = 16.0.29306.81
MinimumVisualStudioVersion = 10.0.40219.1
Project("{FAE04EC0-301F-11D3-BF4B-00C04F79EFBC}") = "Patterns", "Patterns.csproj", "{C83A6A22-F71E-433B-B18A-0B7263C37F31}"
EndProject
Project("{FAE04EC0-301F-11D3-BF4B-00C04F79EFBC}") = "PatternTests", "PatternTests\PatternTests.csproj", "{C0E1201B-9587-4C53-8027-274F1FE1FB88}"
EndProject
Global
	GlobalSection(SolutionConfigurationPlatforms) = preSolution
		Debug|Any CPU = Debug|Any CPU
		Release|Any CPU = Release|Any CPU
	EndGlobalSection
	GlobalSection(ProjectConfigurationPlatforms) = postSolution
		{C83A6A22-F71E-433B-B18A-0B7263C37F31}.Debug|Any CPU.ActiveCfg = Debug|Any CPU
		{C83A6A22-F71E-433B-B18A-0B7263C37F31}.Debug|Any CPU.Build.0 = Debug|Any CPU
		{C83A6A22-F71E-433B-B18A-0B7263C37F31}.Release|Any CPU.ActiveCfg = Release|Any CPU
		{C83A6A22-F71E-433B-B18A-0B7263C37F31}.Release|Any CPU.Build.0 = Release|Any CPU
		{C0E1201B-9587-4C53-8027-274F1FE1FB88}.Debug|Any CPU.ActiveCfg = Debug|Any CPU
		{C0E1201B-9587-4C53-8027-274F1FE1FB88}.Debug|Any CPU.Build.0 = Debug|Any CPU
		{C0E1201B-9587-4C53-8027-274F1FE1FB88}.Release|Any CPU.ActiveCfg = Release|Any CPU
		{C0E1201B-9587-4C53-8027-274F1FE1FB88}.Release|Any CPU.Build.0 = Release|Any CPU
	EndGlobalSection
	GlobalSection(SolutionProperties) = preSolution
		HideSolutionNode = FALSE
	EndGlobalSection
	GlobalSection(ExtensibilityGlobals) = postSolution
		SolutionGuid = {B736B243-C05C-4816-90CD-BE215F5B88B8}
	EndGlobalSection
EndGlobal
